{
  "originHash" : "20be06cb17888cca82556cbb9a3bc70ff9cebbb8fb86cf0c3b999f4b613c2a12",
  "pins" : [
    {
      "identity" : "flatbuffers",
      "kind" : "remoteSourceControl",
      "location" : "https://github.com/google/flatbuffers.git",
      "state" : {
        "revision" : "187240970746d00bbd26b0f5873ed54d2477f9f3",
        "version" : "25.9.23"
      }
    }
  ],
  "version" : 3
}
