{
  "originHash" : "bb983d5609a2a42cae6e6e0ae0de8de671e0c0de214ef10ef086a429bd8d3c0c",
  "pins" : [
    {
      "identity" : "flatbuffers",
      "kind" : "remoteSourceControl",
      "location" : "https://github.com/google/flatbuffers.git",
      "state" : {
        "revision" : "1c514626e83c20fffa8557e75641848e1e15cd5e",
        "version" : "25.2.10"
      }
    }
  ],
  "version" : 3
}
